// !$*UTF8*$!
{
	archiveVersion = 1;
	classes = {
	};
	objectVersion = 52;
	objects = {

/* Begin PBXBuildFile section */
		B78B559926B359A0009FD2E5 /* AppDelegate.swift in Sources */ = {isa = PBXBuildFile; fileRef = B78B559826B359A0009FD2E5 /* AppDelegate.swift */; };
		B78B559B26B359A0009FD2E5 /* SceneDelegate.swift in Sources */ = {isa = PBXBuildFile; fileRef = B78B559A26B359A0009FD2E5 /* SceneDelegate.swift */; };
		B78B559D26B359A0009FD2E5 /* ViewController.swift in Sources */ = {isa = PBXBuildFile; fileRef = B78B559C26B359A0009FD2E5 /* ViewController.swift */; };
		B78B55A026B359A0009FD2E5 /* Main.storyboard in Resources */ = {isa = PBXBuildFile; fileRef = B78B559E26B359A0009FD2E5 /* Main.storyboard */; };
		B78B55A226B359A1009FD2E5 /* Assets.xcassets in Resources */ = {isa = PBXBuildFile; fileRef = B78B55A126B359A1009FD2E5 /* Assets.xcassets */; };
		B78B55A526B359A1009FD2E5 /* LaunchScreen.storyboard in Resources */ = {isa = PBXBuildFile; fileRef = B78B55A326B359A1009FD2E5 /* LaunchScreen.storyboard */; };
		B78B55AE26B36888009FD2E5 /* Alamofire in Frameworks */ = {isa = PBXBuildFile; productRef = B78B55AD26B36888009FD2E5 /* Alamofire */; };
		B78B55B126B368C3009FD2E5 /* SwiftyJSON in Frameworks */ = {isa = PBXBuildFile; productRef = B78B55B026B368C3009FD2E5 /* SwiftyJSON */; };
/* End PBXBuildFile section */

/* Begin PBXFileReference section */
		B78B559526B359A0009FD2E5 /* WaterQuality.app */ = {isa = PBXFileReference; explicitFileType = wrapper.application; includeInIndex = 0; path = WaterQuality.app; sourceTree = BUILT_PRODUCTS_DIR; };
		B78B559826B359A0009FD2E5 /* AppDelegate.swift */ = {isa = PBXFileReference; lastKnownFileType = sourcecode.swift; path = AppDelegate.swift; sourceTree = "<group>"; };
		B78B559A26B359A0009FD2E5 /* SceneDelegate.swift */ = {isa = PBXFileReference; lastKnownFileType = sourcecode.swift; path = SceneDelegate.swift; sourceTree = "<group>"; };
		B78B559C26B359A0009FD2E5 /* ViewController.swift */ = {isa = PBXFileReference; lastKnownFileType = sourcecode.swift; path = ViewController.swift; sourceTree = "<group>"; };
		B78B559F26B359A0009FD2E5 /* Base */ = {isa = PBXFileReference; lastKnownFileType = file.storyboard; name = Base; path = Base.lproj/Main.storyboard; sourceTree = "<group>"; };
		B78B55A126B359A1009FD2E5 /* Assets.xcassets */ = {isa = PBXFileReference; lastKnownFileType = folder.assetcatalog; path = Assets.xcassets; sourceTree = "<group>"; };
		B78B55A426B359A1009FD2E5 /* Base */ = {isa = PBXFileReference; lastKnownFileType = file.storyboard; name = Base; path = Base.lproj/LaunchScreen.storyboard; sourceTree = "<group>"; };
		B78B55A626B359A1009FD2E5 /* Info.plist */ = {isa = PBXFileReference; lastKnownFileType = text.plist.xml; path = Info.plist; sourceTree = "<group>"; };
/* End PBXFileReference section */

/* Begin PBXFrameworksBuildPhase section */
		B78B559226B359A0009FD2E5 /* Frameworks */ = {
			isa = PBXFrameworksBuildPhase;
			buildActionMask = 2147483647;
			files = (
				B78B55B126B368C3009FD2E5 /* SwiftyJSON in Frameworks */,
				B78B55AE26B36888009FD2E5 /* Alamofire in Frameworks */,
			);
			runOnlyForDeploymentPostprocessing = 0;
		};
/* End PBXFrameworksBuildPhase section */

/* Begin PBXGroup section */
		B78B558C26B359A0009FD2E5 = {
			isa = PBXGroup;
			children = (
				B78B559726B359A0009FD2E5 /* WaterQuality */,
				B78B559626B359A0009FD2E5 /* Products */,
			);
			sourceTree = "<group>";
		};
		B78B559626B359A0009FD2E5 /* Products */ = {
			isa = PBXGroup;
			children = (
				B78B559526B359A0009FD2E5 /* WaterQuality.app */,
			);
			name = Products;
			sourceTree = "<group>";
		};
		B78B559726B359A0009FD2E5 /* WaterQuality */ = {
			isa = PBXGroup;
			children = (
				B78B559826B359A0009FD2E5 /* AppDelegate.swift */,
				B78B559A26B359A0009FD2E5 /* SceneDelegate.swift */,
				B78B559C26B359A0009FD2E5 /* ViewController.swift */,
				B78B559E26B359A0009FD2E5 /* Main.storyboard */,
				B78B55A126B359A1009FD2E5 /* Assets.xcassets */,
				B78B55A326B359A1009FD2E5 /* LaunchScreen.storyboard */,
				B78B55A626B359A1009FD2E5 /* Info.plist */,
			);
			path = WaterQuality;
			sourceTree = "<group>";
		};
/* End PBXGroup section */

/* Begin PBXNativeTarget section */
		B78B559426B359A0009FD2E5 /* WaterQuality */ = {
			isa = PBXNativeTarget;
			buildConfigurationList = B78B55A926B359A1009FD2E5 /* Build configuration list for PBXNativeTarget "WaterQuality" */;
			buildPhases = (
				B78B559126B359A0009FD2E5 /* Sources */,
				B78B559226B359A0009FD2E5 /* Frameworks */,
				B78B559326B359A0009FD2E5 /* Resources */,
			);
			buildRules = (
			);
			dependencies = (
			);
			name = WaterQuality;
			packageProductDependencies = (
				B78B55AD26B36888009FD2E5 /* Alamofire */,
				B78B55B026B368C3009FD2E5 /* SwiftyJSON */,
			);
			productName = WaterQuality;
			productReference = B78B559526B359A0009FD2E5 /* WaterQuality.app */;
			productType = "com.apple.product-type.application";
		};
/* End PBXNativeTarget section */

/* Begin PBXProject section */
		B78B558D26B359A0009FD2E5 /* Project object */ = {
			isa = PBXProject;
			attributes = {
				LastSwiftUpdateCheck = 1250;
				LastUpgradeCheck = 1250;
				TargetAttributes = {
					B78B559426B359A0009FD2E5 = {
						CreatedOnToolsVersion = 12.5.1;
					};
				};
			};
			buildConfigurationList = B78B559026B359A0009FD2E5 /* Build configuration list for PBXProject "WaterQuality" */;
			compatibilityVersion = "Xcode 9.3";
			developmentRegion = en;
			hasScannedForEncodings = 0;
			knownRegions = (
				en,
				Base,
			);
			mainGroup = B78B558C26B359A0009FD2E5;
			packageReferences = (
				B78B55AC26B36888009FD2E5 /* XCRemoteSwiftPackageReference "Alamofire" */,
				B78B55AF26B368C3009FD2E5 /* XCRemoteSwiftPackageReference "SwiftyJSON" */,
			);
			productRefGroup = B78B559626B359A0009FD2E5 /* Products */;
			projectDirPath = "";
			projectRoot = "";
			targets = (
				B78B559426B359A0009FD2E5 /* WaterQuality */,
			);
		};
/* End PBXProject section */

/* Begin PBXResourcesBuildPhase section */
		B78B559326B359A0009FD2E5 /* Resources */ = {
			isa = PBXResourcesBuildPhase;
			buildActionMask = 2147483647;
			files = (
				B78B55A526B359A1009FD2E5 /* LaunchScreen.storyboard in Resources */,
				B78B55A226B359A1009FD2E5 /* Assets.xcassets in Resources */,
				B78B55A026B359A0009FD2E5 /* Main.storyboard in Resources */,
			);
			runOnlyForDeploymentPostprocessing = 0;
		};
/* End PBXResourcesBuildPhase section */

/* Begin PBXSourcesBuildPhase section */
		B78B559126B359A0009FD2E5 /* Sources */ = {
			isa = PBXSourcesBuildPhase;
			buildActionMask = 2147483647;
			files = (
				B78B559D26B359A0009FD2E5 /* ViewController.swift in Sources */,
				B78B559926B359A0009FD2E5 /* AppDelegate.swift in Sources */,
				B78B559B26B359A0009FD2E5 /* SceneDelegate.swift in Sources */,
			);
			runOnlyForDeploymentPostprocessing = 0;
		};
/* End PBXSourcesBuildPhase section */

/* Begin PBXVariantGroup section */
		B78B559E26B359A0009FD2E5 /* Main.storyboard */ = {
			isa = PBXVariantGroup;
			children = (
				B78B559F26B359A0009FD2E5 /* Base */,
			);
			name = Main.storyboard;
			sourceTree = "<group>";
		};
		B78B55A326B359A1009FD2E5 /* LaunchScreen.storyboard */ = {
			isa = PBXVariantGroup;
			children = (
				B78B55A426B359A1009FD2E5 /* Base */,
			);
			name = LaunchScreen.storyboard;
			sourceTree = "<group>";
		};
/* End PBXVariantGroup section */

/* Begin XCBuildConfiguration section */
		B78B55A726B359A1009FD2E5 /* Debug */ = {
			isa = XCBuildConfiguration;
			buildSettings = {
				ALWAYS_SEARCH_USER_PATHS = NO;
				CLANG_ANALYZER_NONNULL = YES;
				CLANG_ANALYZER_NUMBER_OBJECT_CONVERSION = YES_AGGRESSIVE;
				CLANG_CXX_LANGUAGE_STANDARD = "gnu++14";
				CLANG_CXX_LIBRARY = "libc++";
				CLANG_ENABLE_MODULES = YES;
				CLANG_ENABLE_OBJC_ARC = YES;
				CLANG_ENABLE_OBJC_WEAK = YES;
				CLANG_WARN_BLOCK_CAPTURE_AUTORELEASING = YES;
				CLANG_WARN_BOOL_CONVERSION = YES;
				CLANG_WARN_COMMA = YES;
				CLANG_WARN_CONSTANT_CONVERSION = YES;
				CLANG_WARN_DEPRECATED_OBJC_IMPLEMENTATIONS = YES;
				CLANG_WARN_DIRECT_OBJC_ISA_USAGE = YES_ERROR;
				CLANG_WARN_DOCUMENTATION_COMMENTS = YES;
				CLANG_WARN_EMPTY_BODY = YES;
				CLANG_WARN_ENUM_CONVERSION = YES;
				CLANG_WARN_INFINITE_RECURSION = YES;
				CLANG_WARN_INT_CONVERSION = YES;
				CLANG_WARN_NON_LITERAL_NULL_CONVERSION = YES;
				CLANG_WARN_OBJC_IMPLICIT_RETAIN_SELF = YES;
				CLANG_WARN_OBJC_LITERAL_CONVERSION = YES;
				CLANG_WARN_OBJC_ROOT_CLASS = YES_ERROR;
				CLANG_WARN_QUOTED_INCLUDE_IN_FRAMEWORK_HEADER = YES;
				CLANG_WARN_RANGE_LOOP_ANALYSIS = YES;
				CLANG_WARN_STRICT_PROTOTYPES = YES;
				CLANG_WARN_SUSPICIOUS_MOVE = YES;
				CLANG_WARN_UNGUARDED_AVAILABILITY = YES_AGGRESSIVE;
				CLANG_WARN_UNREACHABLE_CODE = YES;
				CLANG_WARN__DUPLICATE_METHOD_MATCH = YES;
				COPY_PHASE_STRIP = NO;
				DEBUG_INFORMATION_FORMAT = dwarf;
				ENABLE_STRICT_OBJC_MSGSEND = YES;
				ENABLE_TESTABILITY = YES;
				GCC_C_LANGUAGE_STANDARD = gnu11;
				GCC_DYNAMIC_NO_PIC = NO;
				GCC_NO_COMMON_BLOCKS = YES;
				GCC_OPTIMIZATION_LEVEL = 0;
				GCC_PREPROCESSOR_DEFINITIONS = (
					"DEBUG=1",
					"$(inherited)",
				);
				GCC_WARN_64_TO_32_BIT_CONVERSION = YES;
				GCC_WARN_ABOUT_RETURN_TYPE = YES_ERROR;
				GCC_WARN_UNDECLARED_SELECTOR = YES;
				GCC_WARN_UNINITIALIZED_AUTOS = YES_AGGRESSIVE;
				GCC_WARN_UNUSED_FUNCTION = YES;
				GCC_WARN_UNUSED_VARIABLE = YES;
				IPHONEOS_DEPLOYMENT_TARGET = 14.5;
				MTL_ENABLE_DEBUG_INFO = INCLUDE_SOURCE;
				MTL_FAST_MATH = YES;
				ONLY_ACTIVE_ARCH = YES;
				SDKROOT = iphoneos;
				SWIFT_ACTIVE_COMPILATION_CONDITIONS = DEBUG;
				SWIFT_OPTIMIZATION_LEVEL = "-Onone";
			};
			name = Debug;
		};
		B78B55A826B359A1009FD2E5 /* Release */ = {
			isa = XCBuildConfiguration;
			buildSettings = {
				ALWAYS_SEARCH_USER_PATHS = NO;
				CLANG_ANALYZER_NONNULL = YES;
				CLANG_ANALYZER_NUMBER_OBJECT_CONVERSION = YES_AGGRESSIVE;
				CLANG_CXX_LANGUAGE_STANDARD = "gnu++14";
				CLANG_CXX_LIBRARY = "libc++";
				CLANG_ENABLE_MODULES = YES;
				CLANG_ENABLE_OBJC_ARC = YES;
				CLANG_ENABLE_OBJC_WEAK = YES;
				CLANG_WARN_BLOCK_CAPTURE_AUTORELEASING = YES;
				CLANG_WARN_BOOL_CONVERSION = YES;
				CLANG_WARN_COMMA = YES;
				CLANG_WARN_CONSTANT_CONVERSION = YES;
				CLANG_WARN_DEPRECATED_OBJC_IMPLEMENTATIONS = YES;
				CLANG_WARN_DIRECT_OBJC_ISA_USAGE = YES_ERROR;
				CLANG_WARN_DOCUMENTATION_COMMENTS = YES;
				CLANG_WARN_EMPTY_BODY = YES;
				CLANG_WARN_ENUM_CONVERSION = YES;
				CLANG_WARN_INFINITE_RECURSION = YES;
				CLANG_WARN_INT_CONVERSION = YES;
				CLANG_WARN_NON_LITERAL_NULL_CONVERSION = YES;
				CLANG_WARN_OBJC_IMPLICIT_RETAIN_SELF = YES;
				CLANG_WARN_OBJC_LITERAL_CONVERSION = YES;
				CLANG_WARN_OBJC_ROOT_CLASS = YES_ERROR;
				CLANG_WARN_QUOTED_INCLUDE_IN_FRAMEWORK_HEADER = YES;
				CLANG_WARN_RANGE_LOOP_ANALYSIS = YES;
				CLANG_WARN_STRICT_PROTOTYPES = YES;
				CLANG_WARN_SUSPICIOUS_MOVE = YES;
				CLANG_WARN_UNGUARDED_AVAILABILITY = YES_AGGRESSIVE;
				CLANG_WARN_UNREACHABLE_CODE = YES;
				CLANG_WARN__DUPLICATE_METHOD_MATCH = YES;
				COPY_PHASE_STRIP = NO;
				DEBUG_INFORMATION_FORMAT = "dwarf-with-dsym";
				ENABLE_NS_ASSERTIONS = NO;
				ENABLE_STRICT_OBJC_MSGSEND = YES;
				GCC_C_LANGUAGE_STANDARD = gnu11;
				GCC_NO_COMMON_BLOCKS = YES;
				GCC_WARN_64_TO_32_BIT_CONVERSION = YES;
				GCC_WARN_ABOUT_RETURN_TYPE = YES_ERROR;
				GCC_WARN_UNDECLARED_SELECTOR = YES;
				GCC_WARN_UNINITIALIZED_AUTOS = YES_AGGRESSIVE;
				GCC_WARN_UNUSED_FUNCTION = YES;
				GCC_WARN_UNUSED_VARIABLE = YES;
				IPHONEOS_DEPLOYMENT_TARGET = 14.5;
				MTL_ENABLE_DEBUG_INFO = NO;
				MTL_FAST_MATH = YES;
				SDKROOT = iphoneos;
				SWIFT_COMPILATION_MODE = wholemodule;
				SWIFT_OPTIMIZATION_LEVEL = "-O";
				VALIDATE_PRODUCT = YES;
			};
			name = Release;
		};
		B78B55AA26B359A1009FD2E5 /* Debug */ = {
			isa = XCBuildConfiguration;
			buildSettings = {
				ASSETCATALOG_COMPILER_APPICON_NAME = AppIcon;
				ASSETCATALOG_COMPILER_GLOBAL_ACCENT_COLOR_NAME = AccentColor;
				CODE_SIGN_STYLE = Automatic;
				INFOPLIST_FILE = WaterQuality/Info.plist;
				LD_RUNPATH_SEARCH_PATHS = (
					"$(inherited)",
					"@executable_path/Frameworks",
				);
				PRODUCT_BUNDLE_IDENTIFIER = World.AIClub.WaterQuality;
				PRODUCT_NAME = "$(TARGET_NAME)";
				SWIFT_VERSION = 5.0;
				TARGETED_DEVICE_FAMILY = "1,2";
			};
			name = Debug;
		};
		B78B55AB26B359A1009FD2E5 /* Release */ = {
			isa = XCBuildConfiguration;
			buildSettings = {
				ASSETCATALOG_COMPILER_APPICON_NAME = AppIcon;
				ASSETCATALOG_COMPILER_GLOBAL_ACCENT_COLOR_NAME = AccentColor;
				CODE_SIGN_STYLE = Automatic;
				INFOPLIST_FILE = WaterQuality/Info.plist;
				LD_RUNPATH_SEARCH_PATHS = (
					"$(inherited)",
					"@executable_path/Frameworks",
				);
				PRODUCT_BUNDLE_IDENTIFIER = World.AIClub.WaterQuality;
				PRODUCT_NAME = "$(TARGET_NAME)";
				SWIFT_VERSION = 5.0;
				TARGETED_DEVICE_FAMILY = "1,2";
			};
			name = Release;
		};
/* End XCBuildConfiguration section */

/* Begin XCConfigurationList section */
		B78B559026B359A0009FD2E5 /* Build configuration list for PBXProject "WaterQuality" */ = {
			isa = XCConfigurationList;
			buildConfigurations = (
				B78B55A726B359A1009FD2E5 /* Debug */,
				B78B55A826B359A1009FD2E5 /* Release */,
			);
			defaultConfigurationIsVisible = 0;
			defaultConfigurationName = Release;
		};
		B78B55A926B359A1009FD2E5 /* Build configuration list for PBXNativeTarget "WaterQuality" */ = {
			isa = XCConfigurationList;
			buildConfigurations = (
				B78B55AA26B359A1009FD2E5 /* Debug */,
				B78B55AB26B359A1009FD2E5 /* Release */,
			);
			defaultConfigurationIsVisible = 0;
			defaultConfigurationName = Release;
		};
/* End XCConfigurationList section */

/* Begin XCRemoteSwiftPackageReference section */
		B78B55AC26B36888009FD2E5 /* XCRemoteSwiftPackageReference "Alamofire" */ = {
			isa = XCRemoteSwiftPackageReference;
			repositoryURL = "https://github.com/Alamofire/Alamofire";
			requirement = {
				kind = upToNextMajorVersion;
				minimumVersion = 5.4.3;
			};
		};
		B78B55AF26B368C3009FD2E5 /* XCRemoteSwiftPackageReference "SwiftyJSON" */ = {
			isa = XCRemoteSwiftPackageReference;
			repositoryURL = "https://github.com/SwiftyJSON/SwiftyJSON";
			requirement = {
				kind = upToNextMajorVersion;
				minimumVersion = 5.0.1;
			};
		};
/* End XCRemoteSwiftPackageReference section */

/* Begin XCSwiftPackageProductDependency section */
		B78B55AD26B36888009FD2E5 /* Alamofire */ = {
			isa = XCSwiftPackageProductDependency;
			package = B78B55AC26B36888009FD2E5 /* XCRemoteSwiftPackageReference "Alamofire" */;
			productName = Alamofire;
		};
		B78B55B026B368C3009FD2E5 /* SwiftyJSON */ = {
			isa = XCSwiftPackageProductDependency;
			package = B78B55AF26B368C3009FD2E5 /* XCRemoteSwiftPackageReference "SwiftyJSON" */;
			productName = SwiftyJSON;
		};
/* End XCSwiftPackageProductDependency section */
	};
	rootObject = B78B558D26B359A0009FD2E5 /* Project object */;
}
